// !$*UTF8*$!
{
	archiveVersion = 1;
	classes = {
	};
	objectVersion = 51;
	objects = {

/* Begin PBXBuildFile section */
		0029D254231799F100DBF06D /* LoginNavigator.swift in Sources */ = {isa = PBXBuildFile; fileRef = 0029D253231799F100DBF06D /* LoginNavigator.swift */; };
		0029D25723179AF500DBF06D /* SplashScreenViewController.swift in Sources */ = {isa = PBXBuildFile; fileRef = 0029D25623179AF500DBF06D /* SplashScreenViewController.swift */; };
		0029D25923179B4800DBF06D /* InitialRouter.swift in Sources */ = {isa = PBXBuildFile; fileRef = 0029D25823179B4800DBF06D /* InitialRouter.swift */; };
		006849902314BBD500908085 /* DashboardViewController.swift in Sources */ = {isa = PBXBuildFile; fileRef = 0068498F2314BBD500908085 /* DashboardViewController.swift */; };
		006849952314BF9400908085 /* ForgotPassowrdViewController.swift in Sources */ = {isa = PBXBuildFile; fileRef = 006849942314BF9400908085 /* ForgotPassowrdViewController.swift */; };
		006849972314BFAE00908085 /* SignUpViewController.swift in Sources */ = {isa = PBXBuildFile; fileRef = 006849962314BFAE00908085 /* SignUpViewController.swift */; };
		00929BAC23125C36006B8413 /* AppDelegate.swift in Sources */ = {isa = PBXBuildFile; fileRef = 00929BAB23125C36006B8413 /* AppDelegate.swift */; };
		00929BAE23125C36006B8413 /* ViewController.swift in Sources */ = {isa = PBXBuildFile; fileRef = 00929BAD23125C36006B8413 /* ViewController.swift */; };
		00929BB123125C36006B8413 /* Main.storyboard in Resources */ = {isa = PBXBuildFile; fileRef = 00929BAF23125C36006B8413 /* Main.storyboard */; };
		00929BB423125C36006B8413 /* MoneyManagerTest.xcdatamodeld in Sources */ = {isa = PBXBuildFile; fileRef = 00929BB223125C36006B8413 /* MoneyManagerTest.xcdatamodeld */; };
		00929BB623125C38006B8413 /* Assets.xcassets in Resources */ = {isa = PBXBuildFile; fileRef = 00929BB523125C38006B8413 /* Assets.xcassets */; };
		00929BB923125C38006B8413 /* LaunchScreen.storyboard in Resources */ = {isa = PBXBuildFile; fileRef = 00929BB723125C38006B8413 /* LaunchScreen.storyboard */; };
		00929BC423125C39006B8413 /* MoneyManagerTestTests.swift in Sources */ = {isa = PBXBuildFile; fileRef = 00929BC323125C39006B8413 /* MoneyManagerTestTests.swift */; };
		00929BCF23146749006B8413 /* LoginGooleService.swift in Sources */ = {isa = PBXBuildFile; fileRef = 00929BCE23146749006B8413 /* LoginGooleService.swift */; };
		00929BD423146FEA006B8413 /* LoginViewController.swift in Sources */ = {isa = PBXBuildFile; fileRef = 00929BD323146FEA006B8413 /* LoginViewController.swift */; };
		33E071FEA9DB34AADDC1E363 /* Pods_MoneyManagerTestTests.framework in Frameworks */ = {isa = PBXBuildFile; fileRef = 29DFDA1BE93C07CBD21C202B /* Pods_MoneyManagerTestTests.framework */; };
		7E2DAF1BEA804467C7B4E741 /* Pods_MoneyManagerTest.framework in Frameworks */ = {isa = PBXBuildFile; fileRef = 60A97089881AC9FBC96222BB /* Pods_MoneyManagerTest.framework */; };
/* End PBXBuildFile section */

/* Begin PBXContainerItemProxy section */
		00929BC023125C39006B8413 /* PBXContainerItemProxy */ = {
			isa = PBXContainerItemProxy;
			containerPortal = 00929BA023125C36006B8413 /* Project object */;
			proxyType = 1;
			remoteGlobalIDString = 00929BA723125C36006B8413;
			remoteInfo = MoneyManagerTest;
		};
/* End PBXContainerItemProxy section */

/* Begin PBXFileReference section */
		0029D253231799F100DBF06D /* LoginNavigator.swift */ = {isa = PBXFileReference; fileEncoding = 4; lastKnownFileType = sourcecode.swift; path = LoginNavigator.swift; sourceTree = "<group>"; };
		0029D25623179AF500DBF06D /* SplashScreenViewController.swift */ = {isa = PBXFileReference; lastKnownFileType = sourcecode.swift; path = SplashScreenViewController.swift; sourceTree = "<group>"; };
		0029D25823179B4800DBF06D /* InitialRouter.swift */ = {isa = PBXFileReference; lastKnownFileType = sourcecode.swift; path = InitialRouter.swift; sourceTree = "<group>"; };
		0068498F2314BBD500908085 /* DashboardViewController.swift */ = {isa = PBXFileReference; lastKnownFileType = sourcecode.swift; path = DashboardViewController.swift; sourceTree = "<group>"; };
		006849942314BF9400908085 /* ForgotPassowrdViewController.swift */ = {isa = PBXFileReference; lastKnownFileType = sourcecode.swift; path = ForgotPassowrdViewController.swift; sourceTree = "<group>"; };
		006849962314BFAE00908085 /* SignUpViewController.swift */ = {isa = PBXFileReference; lastKnownFileType = sourcecode.swift; path = SignUpViewController.swift; sourceTree = "<group>"; };
		00929BA823125C36006B8413 /* MoneyManagerTest.app */ = {isa = PBXFileReference; explicitFileType = wrapper.application; includeInIndex = 0; path = MoneyManagerTest.app; sourceTree = BUILT_PRODUCTS_DIR; };
		00929BAB23125C36006B8413 /* AppDelegate.swift */ = {isa = PBXFileReference; lastKnownFileType = sourcecode.swift; path = AppDelegate.swift; sourceTree = "<group>"; };
		00929BAD23125C36006B8413 /* ViewController.swift */ = {isa = PBXFileReference; lastKnownFileType = sourcecode.swift; path = ViewController.swift; sourceTree = "<group>"; };
		00929BB023125C36006B8413 /* Base */ = {isa = PBXFileReference; lastKnownFileType = file.storyboard; name = Base; path = Base.lproj/Main.storyboard; sourceTree = "<group>"; };
		00929BB323125C36006B8413 /* MoneyManagerTest.xcdatamodel */ = {isa = PBXFileReference; lastKnownFileType = wrapper.xcdatamodel; path = MoneyManagerTest.xcdatamodel; sourceTree = "<group>"; };
		00929BB523125C38006B8413 /* Assets.xcassets */ = {isa = PBXFileReference; lastKnownFileType = folder.assetcatalog; path = Assets.xcassets; sourceTree = "<group>"; };
		00929BB823125C38006B8413 /* Base */ = {isa = PBXFileReference; lastKnownFileType = file.storyboard; name = Base; path = Base.lproj/LaunchScreen.storyboard; sourceTree = "<group>"; };
		00929BBA23125C38006B8413 /* Info.plist */ = {isa = PBXFileReference; lastKnownFileType = text.plist.xml; path = Info.plist; sourceTree = "<group>"; };
		00929BBF23125C39006B8413 /* MoneyManagerTestTests.xctest */ = {isa = PBXFileReference; explicitFileType = wrapper.cfbundle; includeInIndex = 0; path = MoneyManagerTestTests.xctest; sourceTree = BUILT_PRODUCTS_DIR; };
		00929BC323125C39006B8413 /* MoneyManagerTestTests.swift */ = {isa = PBXFileReference; lastKnownFileType = sourcecode.swift; path = MoneyManagerTestTests.swift; sourceTree = "<group>"; };
		00929BC523125C39006B8413 /* Info.plist */ = {isa = PBXFileReference; lastKnownFileType = text.plist.xml; path = Info.plist; sourceTree = "<group>"; };
		00929BCE23146749006B8413 /* LoginGooleService.swift */ = {isa = PBXFileReference; lastKnownFileType = sourcecode.swift; path = LoginGooleService.swift; sourceTree = "<group>"; };
		00929BD323146FEA006B8413 /* LoginViewController.swift */ = {isa = PBXFileReference; lastKnownFileType = sourcecode.swift; path = LoginViewController.swift; sourceTree = "<group>"; };
		16A6032F34C672BAF66403EA /* Pods-MoneyManagerTest.debug.xcconfig */ = {isa = PBXFileReference; includeInIndex = 1; lastKnownFileType = text.xcconfig; name = "Pods-MoneyManagerTest.debug.xcconfig"; path = "Target Support Files/Pods-MoneyManagerTest/Pods-MoneyManagerTest.debug.xcconfig"; sourceTree = "<group>"; };
		21EFF7060EF67F9985406F09 /* Pods-MoneyManagerTestTests.release.xcconfig */ = {isa = PBXFileReference; includeInIndex = 1; lastKnownFileType = text.xcconfig; name = "Pods-MoneyManagerTestTests.release.xcconfig"; path = "Target Support Files/Pods-MoneyManagerTestTests/Pods-MoneyManagerTestTests.release.xcconfig"; sourceTree = "<group>"; };
		29DFDA1BE93C07CBD21C202B /* Pods_MoneyManagerTestTests.framework */ = {isa = PBXFileReference; explicitFileType = wrapper.framework; includeInIndex = 0; path = Pods_MoneyManagerTestTests.framework; sourceTree = BUILT_PRODUCTS_DIR; };
		552D866ECB45003DA6A377D3 /* Pods-MoneyManagerTestTests.debug.xcconfig */ = {isa = PBXFileReference; includeInIndex = 1; lastKnownFileType = text.xcconfig; name = "Pods-MoneyManagerTestTests.debug.xcconfig"; path = "Target Support Files/Pods-MoneyManagerTestTests/Pods-MoneyManagerTestTests.debug.xcconfig"; sourceTree = "<group>"; };
		60A97089881AC9FBC96222BB /* Pods_MoneyManagerTest.framework */ = {isa = PBXFileReference; explicitFileType = wrapper.framework; includeInIndex = 0; path = Pods_MoneyManagerTest.framework; sourceTree = BUILT_PRODUCTS_DIR; };
		E16E1C9BDF7AFCCAC481357C /* Pods-MoneyManagerTest.release.xcconfig */ = {isa = PBXFileReference; includeInIndex = 1; lastKnownFileType = text.xcconfig; name = "Pods-MoneyManagerTest.release.xcconfig"; path = "Target Support Files/Pods-MoneyManagerTest/Pods-MoneyManagerTest.release.xcconfig"; sourceTree = "<group>"; };
/* End PBXFileReference section */

/* Begin PBXFrameworksBuildPhase section */
		00929BA523125C36006B8413 /* Frameworks */ = {
			isa = PBXFrameworksBuildPhase;
			buildActionMask = 2147483647;
			files = (
				7E2DAF1BEA804467C7B4E741 /* Pods_MoneyManagerTest.framework in Frameworks */,
			);
			runOnlyForDeploymentPostprocessing = 0;
		};
		00929BBC23125C39006B8413 /* Frameworks */ = {
			isa = PBXFrameworksBuildPhase;
			buildActionMask = 2147483647;
			files = (
				33E071FEA9DB34AADDC1E363 /* Pods_MoneyManagerTestTests.framework in Frameworks */,
			);
			runOnlyForDeploymentPostprocessing = 0;
		};
/* End PBXFrameworksBuildPhase section */

/* Begin PBXGroup section */
		0029D252231799F100DBF06D /* Routers */ = {
			isa = PBXGroup;
			children = (
				0029D253231799F100DBF06D /* LoginNavigator.swift */,
				0029D25823179B4800DBF06D /* InitialRouter.swift */,
			);
			path = Routers;
			sourceTree = "<group>";
		};
		0029D25523179ADC00DBF06D /* SplashScreen */ = {
			isa = PBXGroup;
			children = (
				0029D25623179AF500DBF06D /* SplashScreenViewController.swift */,
			);
			path = SplashScreen;
			sourceTree = "<group>";
		};
		0068498E2314BBBC00908085 /* Dashboard */ = {
			isa = PBXGroup;
			children = (
				0068498F2314BBD500908085 /* DashboardViewController.swift */,
			);
			path = Dashboard;
			sourceTree = "<group>";
		};
		006849912314BC0500908085 /* Helper */ = {
			isa = PBXGroup;
			children = (
				00929BCE23146749006B8413 /* LoginGooleService.swift */,
			);
			path = Helper;
			sourceTree = "<group>";
		};
		00929B9F23125C36006B8413 = {
			isa = PBXGroup;
			children = (
				00929BAA23125C36006B8413 /* MoneyManagerTest */,
				00929BC223125C39006B8413 /* MoneyManagerTestTests */,
				00929BA923125C36006B8413 /* Products */,
				90EBE0099511FCF4CDC3321E /* Pods */,
				F70533E97126B68FC7F9D3E4 /* Frameworks */,
			);
			sourceTree = "<group>";
		};
		00929BA923125C36006B8413 /* Products */ = {
			isa = PBXGroup;
			children = (
				00929BA823125C36006B8413 /* MoneyManagerTest.app */,
				00929BBF23125C39006B8413 /* MoneyManagerTestTests.xctest */,
			);
			name = Products;
			sourceTree = "<group>";
		};
		00929BAA23125C36006B8413 /* MoneyManagerTest */ = {
			isa = PBXGroup;
			children = (
				00929BAB23125C36006B8413 /* AppDelegate.swift */,
				00929BAD23125C36006B8413 /* ViewController.swift */,
				0029D25523179ADC00DBF06D /* SplashScreen */,
				006849912314BC0500908085 /* Helper */,
				0068498E2314BBBC00908085 /* Dashboard */,
				00929BD223146FDE006B8413 /* Login */,
				0029D252231799F100DBF06D /* Routers */,
				00929BB723125C38006B8413 /* LaunchScreen.storyboard */,
				00929BAF23125C36006B8413 /* Main.storyboard */,
				00929BB523125C38006B8413 /* Assets.xcassets */,
				00929BB223125C36006B8413 /* MoneyManagerTest.xcdatamodeld */,
				00929BBA23125C38006B8413 /* Info.plist */,
			);
			path = MoneyManagerTest;
			sourceTree = "<group>";
		};
		00929BC223125C39006B8413 /* MoneyManagerTestTests */ = {
			isa = PBXGroup;
			children = (
				00929BC323125C39006B8413 /* MoneyManagerTestTests.swift */,
				00929BC523125C39006B8413 /* Info.plist */,
			);
			path = MoneyManagerTestTests;
			sourceTree = "<group>";
		};
		00929BD223146FDE006B8413 /* Login */ = {
			isa = PBXGroup;
			children = (
				00929BD323146FEA006B8413 /* LoginViewController.swift */,
				006849942314BF9400908085 /* ForgotPassowrdViewController.swift */,
				006849962314BFAE00908085 /* SignUpViewController.swift */,
			);
			path = Login;
			sourceTree = "<group>";
		};
		90EBE0099511FCF4CDC3321E /* Pods */ = {
			isa = PBXGroup;
			children = (
				16A6032F34C672BAF66403EA /* Pods-MoneyManagerTest.debug.xcconfig */,
				E16E1C9BDF7AFCCAC481357C /* Pods-MoneyManagerTest.release.xcconfig */,
				552D866ECB45003DA6A377D3 /* Pods-MoneyManagerTestTests.debug.xcconfig */,
				21EFF7060EF67F9985406F09 /* Pods-MoneyManagerTestTests.release.xcconfig */,
			);
			path = Pods;
			sourceTree = "<group>";
		};
		F70533E97126B68FC7F9D3E4 /* Frameworks */ = {
			isa = PBXGroup;
			children = (
				60A97089881AC9FBC96222BB /* Pods_MoneyManagerTest.framework */,
				29DFDA1BE93C07CBD21C202B /* Pods_MoneyManagerTestTests.framework */,
			);
			name = Frameworks;
			sourceTree = "<group>";
		};
/* End PBXGroup section */

/* Begin PBXNativeTarget section */
		00929BA723125C36006B8413 /* MoneyManagerTest */ = {
			isa = PBXNativeTarget;
			buildConfigurationList = 00929BC823125C39006B8413 /* Build configuration list for PBXNativeTarget "MoneyManagerTest" */;
			buildPhases = (
				8FA7609A881249C7CE103B67 /* [CP] Check Pods Manifest.lock */,
				00929BA423125C36006B8413 /* Sources */,
				00929BA523125C36006B8413 /* Frameworks */,
				00929BA623125C36006B8413 /* Resources */,
				8BC20593F41667E32ACF37E2 /* [CP] Embed Pods Frameworks */,
				292ED6EE7D1CA92830F13337 /* [CP] Copy Pods Resources */,
			);
			buildRules = (
			);
			dependencies = (
			);
			name = MoneyManagerTest;
			productName = MoneyManagerTest;
			productReference = 00929BA823125C36006B8413 /* MoneyManagerTest.app */;
			productType = "com.apple.product-type.application";
		};
		00929BBE23125C39006B8413 /* MoneyManagerTestTests */ = {
			isa = PBXNativeTarget;
			buildConfigurationList = 00929BCB23125C39006B8413 /* Build configuration list for PBXNativeTarget "MoneyManagerTestTests" */;
			buildPhases = (
				5105B78D9E0932567A34BD26 /* [CP] Check Pods Manifest.lock */,
				00929BBB23125C39006B8413 /* Sources */,
				00929BBC23125C39006B8413 /* Frameworks */,
				00929BBD23125C39006B8413 /* Resources */,
			);
			buildRules = (
			);
			dependencies = (
				00929BC123125C39006B8413 /* PBXTargetDependency */,
			);
			name = MoneyManagerTestTests;
			productName = MoneyManagerTestTests;
			productReference = 00929BBF23125C39006B8413 /* MoneyManagerTestTests.xctest */;
			productType = "com.apple.product-type.bundle.unit-test";
		};
/* End PBXNativeTarget section */

/* Begin PBXProject section */
		00929BA023125C36006B8413 /* Project object */ = {
			isa = PBXProject;
			attributes = {
				LastSwiftUpdateCheck = 1030;
				LastUpgradeCheck = 1030;
				ORGANIZATIONNAME = Deepak;
				TargetAttributes = {
					00929BA723125C36006B8413 = {
						CreatedOnToolsVersion = 10.3;
					};
					00929BBE23125C39006B8413 = {
						CreatedOnToolsVersion = 10.3;
						TestTargetID = 00929BA723125C36006B8413;
					};
				};
			};
			buildConfigurationList = 00929BA323125C36006B8413 /* Build configuration list for PBXProject "MoneyManagerTest" */;
			compatibilityVersion = "Xcode 9.3";
			developmentRegion = en;
			hasScannedForEncodings = 0;
			knownRegions = (
				en,
				Base,
			);
			mainGroup = 00929B9F23125C36006B8413;
			productRefGroup = 00929BA923125C36006B8413 /* Products */;
			projectDirPath = "";
			projectRoot = "";
			targets = (
				00929BA723125C36006B8413 /* MoneyManagerTest */,
				00929BBE23125C39006B8413 /* MoneyManagerTestTests */,
			);
		};
/* End PBXProject section */

/* Begin PBXResourcesBuildPhase section */
		00929BA623125C36006B8413 /* Resources */ = {
			isa = PBXResourcesBuildPhase;
			buildActionMask = 2147483647;
			files = (
				00929BB923125C38006B8413 /* LaunchScreen.storyboard in Resources */,
				00929BB623125C38006B8413 /* Assets.xcassets in Resources */,
				00929BB123125C36006B8413 /* Main.storyboard in Resources */,
			);
			runOnlyForDeploymentPostprocessing = 0;
		};
		00929BBD23125C39006B8413 /* Resources */ = {
			isa = PBXResourcesBuildPhase;
			buildActionMask = 2147483647;
			files = (
			);
			runOnlyForDeploymentPostprocessing = 0;
		};
/* End PBXResourcesBuildPhase section */

/* Begin PBXShellScriptBuildPhase section */
		292ED6EE7D1CA92830F13337 /* [CP] Copy Pods Resources */ = {
			isa = PBXShellScriptBuildPhase;
			buildActionMask = 2147483647;
			files = (
			);
			inputFileListPaths = (
				"${PODS_ROOT}/Target Support Files/Pods-MoneyManagerTest/Pods-MoneyManagerTest-resources-${CONFIGURATION}-input-files.xcfilelist",
			);
			name = "[CP] Copy Pods Resources";
			outputFileListPaths = (
				"${PODS_ROOT}/Target Support Files/Pods-MoneyManagerTest/Pods-MoneyManagerTest-resources-${CONFIGURATION}-output-files.xcfilelist",
			);
			runOnlyForDeploymentPostprocessing = 0;
			shellPath = /bin/sh;
			shellScript = "\"${PODS_ROOT}/Target Support Files/Pods-MoneyManagerTest/Pods-MoneyManagerTest-resources.sh\"\n";
			showEnvVarsInLog = 0;
		};
		5105B78D9E0932567A34BD26 /* [CP] Check Pods Manifest.lock */ = {
			isa = PBXShellScriptBuildPhase;
			buildActionMask = 2147483647;
			files = (
			);
			inputFileListPaths = (
			);
			inputPaths = (
				"${PODS_PODFILE_DIR_PATH}/Podfile.lock",
				"${PODS_ROOT}/Manifest.lock",
			);
			name = "[CP] Check Pods Manifest.lock";
			outputFileListPaths = (
			);
			outputPaths = (
				"$(DERIVED_FILE_DIR)/Pods-MoneyManagerTestTests-checkManifestLockResult.txt",
			);
			runOnlyForDeploymentPostprocessing = 0;
			shellPath = /bin/sh;
			shellScript = "diff \"${PODS_PODFILE_DIR_PATH}/Podfile.lock\" \"${PODS_ROOT}/Manifest.lock\" > /dev/null\nif [ $? != 0 ] ; then\n    # print error to STDERR\n    echo \"error: The sandbox is not in sync with the Podfile.lock. Run 'pod install' or update your CocoaPods installation.\" >&2\n    exit 1\nfi\n# This output is used by Xcode 'outputs' to avoid re-running this script phase.\necho \"SUCCESS\" > \"${SCRIPT_OUTPUT_FILE_0}\"\n";
			showEnvVarsInLog = 0;
		};
		8BC20593F41667E32ACF37E2 /* [CP] Embed Pods Frameworks */ = {
			isa = PBXShellScriptBuildPhase;
			buildActionMask = 2147483647;
			files = (
			);
			inputFileListPaths = (
				"${PODS_ROOT}/Target Support Files/Pods-MoneyManagerTest/Pods-MoneyManagerTest-frameworks-${CONFIGURATION}-input-files.xcfilelist",
			);
			name = "[CP] Embed Pods Frameworks";
			outputFileListPaths = (
				"${PODS_ROOT}/Target Support Files/Pods-MoneyManagerTest/Pods-MoneyManagerTest-frameworks-${CONFIGURATION}-output-files.xcfilelist",
			);
			runOnlyForDeploymentPostprocessing = 0;
			shellPath = /bin/sh;
			shellScript = "\"${PODS_ROOT}/Target Support Files/Pods-MoneyManagerTest/Pods-MoneyManagerTest-frameworks.sh\"\n";
			showEnvVarsInLog = 0;
		};
		8FA7609A881249C7CE103B67 /* [CP] Check Pods Manifest.lock */ = {
			isa = PBXShellScriptBuildPhase;
			buildActionMask = 2147483647;
			files = (
			);
			inputFileListPaths = (
			);
			inputPaths = (
				"${PODS_PODFILE_DIR_PATH}/Podfile.lock",
				"${PODS_ROOT}/Manifest.lock",
			);
			name = "[CP] Check Pods Manifest.lock";
			outputFileListPaths = (
			);
			outputPaths = (
				"$(DERIVED_FILE_DIR)/Pods-MoneyManagerTest-checkManifestLockResult.txt",
			);
			runOnlyForDeploymentPostprocessing = 0;
			shellPath = /bin/sh;
			shellScript = "diff \"${PODS_PODFILE_DIR_PATH}/Podfile.lock\" \"${PODS_ROOT}/Manifest.lock\" > /dev/null\nif [ $? != 0 ] ; then\n    # print error to STDERR\n    echo \"error: The sandbox is not in sync with the Podfile.lock. Run 'pod install' or update your CocoaPods installation.\" >&2\n    exit 1\nfi\n# This output is used by Xcode 'outputs' to avoid re-running this script phase.\necho \"SUCCESS\" > \"${SCRIPT_OUTPUT_FILE_0}\"\n";
			showEnvVarsInLog = 0;
		};
/* End PBXShellScriptBuildPhase section */

/* Begin PBXSourcesBuildPhase section */
		00929BA423125C36006B8413 /* Sources */ = {
			isa = PBXSourcesBuildPhase;
			buildActionMask = 2147483647;
			files = (
				006849952314BF9400908085 /* ForgotPassowrdViewController.swift in Sources */,
				0029D25923179B4800DBF06D /* InitialRouter.swift in Sources */,
				00929BAE23125C36006B8413 /* ViewController.swift in Sources */,
				006849902314BBD500908085 /* DashboardViewController.swift in Sources */,
				00929BB423125C36006B8413 /* MoneyManagerTest.xcdatamodeld in Sources */,
				0029D254231799F100DBF06D /* LoginNavigator.swift in Sources */,
				00929BCF23146749006B8413 /* LoginGooleService.swift in Sources */,
				006849972314BFAE00908085 /* SignUpViewController.swift in Sources */,
				00929BD423146FEA006B8413 /* LoginViewController.swift in Sources */,
				0029D25723179AF500DBF06D /* SplashScreenViewController.swift in Sources */,
				00929BAC23125C36006B8413 /* AppDelegate.swift in Sources */,
			);
			runOnlyForDeploymentPostprocessing = 0;
		};
		00929BBB23125C39006B8413 /* Sources */ = {
			isa = PBXSourcesBuildPhase;
			buildActionMask = 2147483647;
			files = (
				00929BC423125C39006B8413 /* MoneyManagerTestTests.swift in Sources */,
			);
			runOnlyForDeploymentPostprocessing = 0;
		};
/* End PBXSourcesBuildPhase section */

/* Begin PBXTargetDependency section */
		00929BC123125C39006B8413 /* PBXTargetDependency */ = {
			isa = PBXTargetDependency;
			target = 00929BA723125C36006B8413 /* MoneyManagerTest */;
			targetProxy = 00929BC023125C39006B8413 /* PBXContainerItemProxy */;
		};
/* End PBXTargetDependency section */

/* Begin PBXVariantGroup section */
		00929BAF23125C36006B8413 /* Main.storyboard */ = {
			isa = PBXVariantGroup;
			children = (
				00929BB023125C36006B8413 /* Base */,
			);
			name = Main.storyboard;
			sourceTree = "<group>";
		};
		00929BB723125C38006B8413 /* LaunchScreen.storyboard */ = {
			isa = PBXVariantGroup;
			children = (
				00929BB823125C38006B8413 /* Base */,
			);
			name = LaunchScreen.storyboard;
			sourceTree = "<group>";
		};
/* End PBXVariantGroup section */

/* Begin XCBuildConfiguration section */
		00929BC623125C39006B8413 /* Debug */ = {
			isa = XCBuildConfiguration;
			buildSettings = {
				ALWAYS_SEARCH_USER_PATHS = NO;
				CLANG_ANALYZER_NONNULL = YES;
				CLANG_ANALYZER_NUMBER_OBJECT_CONVERSION = YES_AGGRESSIVE;
				CLANG_CXX_LANGUAGE_STANDARD = "gnu++14";
				CLANG_CXX_LIBRARY = "libc++";
				CLANG_ENABLE_MODULES = YES;
				CLANG_ENABLE_OBJC_ARC = YES;
				CLANG_ENABLE_OBJC_WEAK = YES;
				CLANG_WARN_BLOCK_CAPTURE_AUTORELEASING = YES;
				CLANG_WARN_BOOL_CONVERSION = YES;
				CLANG_WARN_COMMA = YES;
				CLANG_WARN_CONSTANT_CONVERSION = YES;
				CLANG_WARN_DEPRECATED_OBJC_IMPLEMENTATIONS = YES;
				CLANG_WARN_DIRECT_OBJC_ISA_USAGE = YES_ERROR;
				CLANG_WARN_DOCUMENTATION_COMMENTS = YES;
				CLANG_WARN_EMPTY_BODY = YES;
				CLANG_WARN_ENUM_CONVERSION = YES;
				CLANG_WARN_INFINITE_RECURSION = YES;
				CLANG_WARN_INT_CONVERSION = YES;
				CLANG_WARN_NON_LITERAL_NULL_CONVERSION = YES;
				CLANG_WARN_OBJC_IMPLICIT_RETAIN_SELF = YES;
				CLANG_WARN_OBJC_LITERAL_CONVERSION = YES;
				CLANG_WARN_OBJC_ROOT_CLASS = YES_ERROR;
				CLANG_WARN_RANGE_LOOP_ANALYSIS = YES;
				CLANG_WARN_STRICT_PROTOTYPES = YES;
				CLANG_WARN_SUSPICIOUS_MOVE = YES;
				CLANG_WARN_UNGUARDED_AVAILABILITY = YES_AGGRESSIVE;
				CLANG_WARN_UNREACHABLE_CODE = YES;
				CLANG_WARN__DUPLICATE_METHOD_MATCH = YES;
				CODE_SIGN_IDENTITY = "iPhone Developer";
				COPY_PHASE_STRIP = NO;
				DEBUG_INFORMATION_FORMAT = dwarf;
				ENABLE_STRICT_OBJC_MSGSEND = YES;
				ENABLE_TESTABILITY = YES;
				GCC_C_LANGUAGE_STANDARD = gnu11;
				GCC_DYNAMIC_NO_PIC = NO;
				GCC_NO_COMMON_BLOCKS = YES;
				GCC_OPTIMIZATION_LEVEL = 0;
				GCC_PREPROCESSOR_DEFINITIONS = (
					"DEBUG=1",
					"$(inherited)",
				);
				GCC_WARN_64_TO_32_BIT_CONVERSION = YES;
				GCC_WARN_ABOUT_RETURN_TYPE = YES_ERROR;
				GCC_WARN_UNDECLARED_SELECTOR = YES;
				GCC_WARN_UNINITIALIZED_AUTOS = YES_AGGRESSIVE;
				GCC_WARN_UNUSED_FUNCTION = YES;
				GCC_WARN_UNUSED_VARIABLE = YES;
				IPHONEOS_DEPLOYMENT_TARGET = 12.4;
				MTL_ENABLE_DEBUG_INFO = INCLUDE_SOURCE;
				MTL_FAST_MATH = YES;
				ONLY_ACTIVE_ARCH = YES;
				SDKROOT = iphoneos;
				SWIFT_ACTIVE_COMPILATION_CONDITIONS = DEBUG;
				SWIFT_OPTIMIZATION_LEVEL = "-Onone";
			};
			name = Debug;
		};
		00929BC723125C39006B8413 /* Release */ = {
			isa = XCBuildConfiguration;
			buildSettings = {
				ALWAYS_SEARCH_USER_PATHS = NO;
				CLANG_ANALYZER_NONNULL = YES;
				CLANG_ANALYZER_NUMBER_OBJECT_CONVERSION = YES_AGGRESSIVE;
				CLANG_CXX_LANGUAGE_STANDARD = "gnu++14";
				CLANG_CXX_LIBRARY = "libc++";
				CLANG_ENABLE_MODULES = YES;
				CLANG_ENABLE_OBJC_ARC = YES;
				CLANG_ENABLE_OBJC_WEAK = YES;
				CLANG_WARN_BLOCK_CAPTURE_AUTORELEASING = YES;
				CLANG_WARN_BOOL_CONVERSION = YES;
				CLANG_WARN_COMMA = YES;
				CLANG_WARN_CONSTANT_CONVERSION = YES;
				CLANG_WARN_DEPRECATED_OBJC_IMPLEMENTATIONS = YES;
				CLANG_WARN_DIRECT_OBJC_ISA_USAGE = YES_ERROR;
				CLANG_WARN_DOCUMENTATION_COMMENTS = YES;
				CLANG_WARN_EMPTY_BODY = YES;
				CLANG_WARN_ENUM_CONVERSION = YES;
				CLANG_WARN_INFINITE_RECURSION = YES;
				CLANG_WARN_INT_CONVERSION = YES;
				CLANG_WARN_NON_LITERAL_NULL_CONVERSION = YES;
				CLANG_WARN_OBJC_IMPLICIT_RETAIN_SELF = YES;
				CLANG_WARN_OBJC_LITERAL_CONVERSION = YES;
				CLANG_WARN_OBJC_ROOT_CLASS = YES_ERROR;
				CLANG_WARN_RANGE_LOOP_ANALYSIS = YES;
				CLANG_WARN_STRICT_PROTOTYPES = YES;
				CLANG_WARN_SUSPICIOUS_MOVE = YES;
				CLANG_WARN_UNGUARDED_AVAILABILITY = YES_AGGRESSIVE;
				CLANG_WARN_UNREACHABLE_CODE = YES;
				CLANG_WARN__DUPLICATE_METHOD_MATCH = YES;
				CODE_SIGN_IDENTITY = "iPhone Developer";
				COPY_PHASE_STRIP = NO;
				DEBUG_INFORMATION_FORMAT = "dwarf-with-dsym";
				ENABLE_NS_ASSERTIONS = NO;
				ENABLE_STRICT_OBJC_MSGSEND = YES;
				GCC_C_LANGUAGE_STANDARD = gnu11;
				GCC_NO_COMMON_BLOCKS = YES;
				GCC_WARN_64_TO_32_BIT_CONVERSION = YES;
				GCC_WARN_ABOUT_RETURN_TYPE = YES_ERROR;
				GCC_WARN_UNDECLARED_SELECTOR = YES;
				GCC_WARN_UNINITIALIZED_AUTOS = YES_AGGRESSIVE;
				GCC_WARN_UNUSED_FUNCTION = YES;
				GCC_WARN_UNUSED_VARIABLE = YES;
				IPHONEOS_DEPLOYMENT_TARGET = 12.4;
				MTL_ENABLE_DEBUG_INFO = NO;
				MTL_FAST_MATH = YES;
				SDKROOT = iphoneos;
				SWIFT_COMPILATION_MODE = wholemodule;
				SWIFT_OPTIMIZATION_LEVEL = "-O";
				VALIDATE_PRODUCT = YES;
			};
			name = Release;
		};
		00929BC923125C39006B8413 /* Debug */ = {
			isa = XCBuildConfiguration;
			baseConfigurationReference = 16A6032F34C672BAF66403EA /* Pods-MoneyManagerTest.debug.xcconfig */;
			buildSettings = {
				ASSETCATALOG_COMPILER_APPICON_NAME = AppIcon;
				CODE_SIGN_STYLE = Automatic;
				DEVELOPMENT_TEAM = C9C645VSQP;
				INFOPLIST_FILE = MoneyManagerTest/Info.plist;
				LD_RUNPATH_SEARCH_PATHS = (
					"$(inherited)",
					"@executable_path/Frameworks",
				);
				PRODUCT_BUNDLE_IDENTIFIER = com.philips.MoneyManagerTest;
				PRODUCT_NAME = "$(TARGET_NAME)";
				SWIFT_VERSION = 5.0;
				TARGETED_DEVICE_FAMILY = "1,2";
			};
			name = Debug;
		};
		00929BCA23125C39006B8413 /* Release */ = {
			isa = XCBuildConfiguration;
			baseConfigurationReference = E16E1C9BDF7AFCCAC481357C /* Pods-MoneyManagerTest.release.xcconfig */;
			buildSettings = {
				ASSETCATALOG_COMPILER_APPICON_NAME = AppIcon;
				CODE_SIGN_STYLE = Automatic;
				DEVELOPMENT_TEAM = C9C645VSQP;
				INFOPLIST_FILE = MoneyManagerTest/Info.plist;
				LD_RUNPATH_SEARCH_PATHS = (
					"$(inherited)",
					"@executable_path/Frameworks",
				);
				PRODUCT_BUNDLE_IDENTIFIER = com.philips.MoneyManagerTest;
				PRODUCT_NAME = "$(TARGET_NAME)";
				SWIFT_VERSION = 5.0;
				TARGETED_DEVICE_FAMILY = "1,2";
			};
			name = Release;
		};
		00929BCC23125C39006B8413 /* Debug */ = {
			isa = XCBuildConfiguration;
			baseConfigurationReference = 552D866ECB45003DA6A377D3 /* Pods-MoneyManagerTestTests.debug.xcconfig */;
			buildSettings = {
				ALWAYS_EMBED_SWIFT_STANDARD_LIBRARIES = YES;
				BUNDLE_LOADER = "$(TEST_HOST)";
				CODE_SIGN_STYLE = Automatic;
				INFOPLIST_FILE = MoneyManagerTestTests/Info.plist;
				LD_RUNPATH_SEARCH_PATHS = (
					"$(inherited)",
					"@executable_path/Frameworks",
					"@loader_path/Frameworks",
				);
				PRODUCT_BUNDLE_IDENTIFIER = com.philips.MoneyManagerTestTests;
				PRODUCT_NAME = "$(TARGET_NAME)";
				SWIFT_VERSION = 5.0;
				TARGETED_DEVICE_FAMILY = "1,2";
				TEST_HOST = "$(BUILT_PRODUCTS_DIR)/MoneyManagerTest.app/MoneyManagerTest";
			};
			name = Debug;
		};
		00929BCD23125C39006B8413 /* Release */ = {
			isa = XCBuildConfiguration;
			baseConfigurationReference = 21EFF7060EF67F9985406F09 /* Pods-MoneyManagerTestTests.release.xcconfig */;
			buildSettings = {
				ALWAYS_EMBED_SWIFT_STANDARD_LIBRARIES = YES;
				BUNDLE_LOADER = "$(TEST_HOST)";
				CODE_SIGN_STYLE = Automatic;
				INFOPLIST_FILE = MoneyManagerTestTests/Info.plist;
				LD_RUNPATH_SEARCH_PATHS = (
					"$(inherited)",
					"@executable_path/Frameworks",
					"@loader_path/Frameworks",
				);
				PRODUCT_BUNDLE_IDENTIFIER = com.philips.MoneyManagerTestTests;
				PRODUCT_NAME = "$(TARGET_NAME)";
				SWIFT_VERSION = 5.0;
				TARGETED_DEVICE_FAMILY = "1,2";
				TEST_HOST = "$(BUILT_PRODUCTS_DIR)/MoneyManagerTest.app/MoneyManagerTest";
			};
			name = Release;
		};
/* End XCBuildConfiguration section */

/* Begin XCConfigurationList section */
		00929BA323125C36006B8413 /* Build configuration list for PBXProject "MoneyManagerTest" */ = {
			isa = XCConfigurationList;
			buildConfigurations = (
				00929BC623125C39006B8413 /* Debug */,
				00929BC723125C39006B8413 /* Release */,
			);
			defaultConfigurationIsVisible = 0;
			defaultConfigurationName = Release;
		};
		00929BC823125C39006B8413 /* Build configuration list for PBXNativeTarget "MoneyManagerTest" */ = {
			isa = XCConfigurationList;
			buildConfigurations = (
				00929BC923125C39006B8413 /* Debug */,
				00929BCA23125C39006B8413 /* Release */,
			);
			defaultConfigurationIsVisible = 0;
			defaultConfigurationName = Release;
		};
		00929BCB23125C39006B8413 /* Build configuration list for PBXNativeTarget "MoneyManagerTestTests" */ = {
			isa = XCConfigurationList;
			buildConfigurations = (
				00929BCC23125C39006B8413 /* Debug */,
				00929BCD23125C39006B8413 /* Release */,
			);
			defaultConfigurationIsVisible = 0;
			defaultConfigurationName = Release;
		};
/* End XCConfigurationList section */

/* Begin XCVersionGroup section */
		00929BB223125C36006B8413 /* MoneyManagerTest.xcdatamodeld */ = {
			isa = XCVersionGroup;
			children = (
				00929BB323125C36006B8413 /* MoneyManagerTest.xcdatamodel */,
			);
			currentVersion = 00929BB323125C36006B8413 /* MoneyManagerTest.xcdatamodel */;
			path = MoneyManagerTest.xcdatamodeld;
			sourceTree = "<group>";
			versionGroupType = wrapper.xcdatamodel;
		};
/* End XCVersionGroup section */
	};
	rootObject = 00929BA023125C36006B8413 /* Project object */;
}
